
Microsoft Visual Studio Solution File, Format Version 12.00
# Visual Studio 15
VisualStudioVersion = 15.0.27428.2015
MinimumVisualStudioVersion = 10.0.40219.1
Project("{8BC9CEB8-8B4A-11D0-8D11-00A0C91BC942}") = "Group Assignment", "Group Assignment.vcxproj", "{79B68C1B-1B8B-4E3A-97C0-8521FB6219AB}"
EndProject
Global
	GlobalSection(SolutionConfigurationPlatforms) = preSolution
		Debug|x64 = Debug|x64
		Debug|x86 = Debug|x86
		Release|x64 = Release|x64
		Release|x86 = Release|x86
	EndGlobalSection
	GlobalSection(ProjectConfigurationPlatforms) = postSolution
		{79B68C1B-1B8B-4E3A-97C0-8521FB6219AB}.Debug|x64.ActiveCfg = Debug|x64
		{79B68C1B-1B8B-4E3A-97C0-8521FB6219AB}.Debug|x64.Build.0 = Debug|x64
		{79B68C1B-1B8B-4E3A-97C0-8521FB6219AB}.Debug|x86.ActiveCfg = Debug|Win32
		{79B68C1B-1B8B-4E3A-97C0-8521FB6219AB}.Debug|x86.Build.0 = Debug|Win32
		{79B68C1B-1B8B-4E3A-97C0-8521FB6219AB}.Release|x64.ActiveCfg = Release|x64
		{79B68C1B-1B8B-4E3A-97C0-8521FB6219AB}.Release|x64.Build.0 = Release|x64
		{79B68C1B-1B8B-4E3A-97C0-8521FB6219AB}.Release|x86.ActiveCfg = Release|Win32
		{79B68C1B-1B8B-4E3A-97C0-8521FB6219AB}.Release|x86.Build.0 = Release|Win32
	EndGlobalSection
	GlobalSection(SolutionProperties) = preSolution
		HideSolutionNode = FALSE
	EndGlobalSection
	GlobalSection(ExtensibilityGlobals) = postSolution
		SolutionGuid = {95D5AB90-2314-4068-96A8-0F5E32BF07F7}
	EndGlobalSection
EndGlobal
